# Auto-generated by skillvendor. Do not edit by hand.
version: 1
entries:
    - repo: github.com/anthropics/skills
      path: skills
      ref: main
      sha: 9d2f1ae187231d8199c64b5b762e1bdf2244733d
      installed:
        - frontend-design
    - repo: github.com/mattjmcnaughton/skills
      path: skills
      ref: main
      sha: 79bf08262e69402a0378f9308c1d22c72b89d690
      installed:
        - audit-data-contracts
        - audit-third-party
        - build
        - create-commit
        - create-diagram
        - create-pr
        - create-worktree
        - data-contract-core
        - delete-worktree
        - draft-api-client
        - draft-data-contract
        - draft-job-map
        - enforce-data-contract
        - fetch-context
        - hire-job-map
        - merge-pr
        - parquet-duckdb
        - prep
        - rehydrate
        - review-pr
        - review-suite
        - ship-gate
        - synth-from-contract
        - update-docs
        - workflow-audit
        - workflow-catalog
    - repo: github.com/mattpocock/skills
      path: skills/productivity
      ref: main
      sha: 391a2701dd948f94f56a39f7533f8eea9a859c87
      installed:
        - grill-me
        - handoff
    - repo: github.com/mattpocock/skills
      path: skills/engineering
      ref: main
      sha: 391a2701dd948f94f56a39f7533f8eea9a859c87
      installed:
        - grill-with-docs
        - improve-codebase-architecture
        - tdd
    - repo: github.com/vercel-labs/agent-browser
      path: skills
      ref: main
      sha: afae698a51242166170b6fe4809dd57fe9f75798
      installed:
        - agent-browser
    - repo: github.com/cursor/plugins
      path: cursor-team-kit/skills
      ref: main
      sha: a29f5a8ca161b1de4ffc5484454958bebc04eaa5
      installed:
        - thermo-nuclear-code-quality-review
    - repo: github.com/DietrichGebert/ponytail
      path: skills
      ref: main
      sha: 14a0d79548d4de8fc2de95c1b94bb0de63a739d3
      installed:
        - ponytail
        - ponytail-audit
        - ponytail-debt
        - ponytail-review
